
Microsoft Visual Studio Solution File, Format Version 12.00
# Visual Studio Version 16
VisualStudioVersion = 16.0.28803.202
MinimumVisualStudioVersion = 10.0.40219.1
Project("{FAE04EC0-301F-11D3-BF4B-00C04F79EFBC}") = "CSAY_DrawSharp", "CSAY_DrawSharp\CSAY_DrawSharp.csproj", "{2D4C06CD-9F5A-438D-91FD-3CB30D85580C}"
EndProject
Global
	GlobalSection(SolutionConfigurationPlatforms) = preSolution
		Debug|Any CPU = Debug|Any CPU
		Release|Any CPU = Release|Any CPU
	EndGlobalSection
	GlobalSection(ProjectConfigurationPlatforms) = postSolution
		{2D4C06CD-9F5A-438D-91FD-3CB30D85580C}.Debug|Any CPU.ActiveCfg = Debug|Any CPU
		{2D4C06CD-9F5A-438D-91FD-3CB30D85580C}.Debug|Any CPU.Build.0 = Debug|Any CPU
		{2D4C06CD-9F5A-438D-91FD-3CB30D85580C}.Release|Any CPU.ActiveCfg = Release|Any CPU
		{2D4C06CD-9F5A-438D-91FD-3CB30D85580C}.Release|Any CPU.Build.0 = Release|Any CPU
	EndGlobalSection
	GlobalSection(SolutionProperties) = preSolution
		HideSolutionNode = FALSE
	EndGlobalSection
	GlobalSection(ExtensibilityGlobals) = postSolution
		SolutionGuid = {9CB6E7FE-510C-4B78-A390-076137DBC642}
	EndGlobalSection
EndGlobal
